# This file is automatically @generated by Cargo.
# It is not intended for manual editing.
version = 3

[[package]]
name = "block-commitment"
version = "0.1.0"

[[package]]
name = "database"
version = "0.1.0"

[[package]]
name = "json-rpc"
version = "0.1.0"

[[package]]
name = "liveness-evm"
version = "0.1.0"

[[package]]
name = "validation-eigenlayer"
version = "0.1.0"
